
Microsoft Visual Studio Solution File, Format Version 12.00
# Visual Studio 2012
Project("{FAE04EC0-301F-11D3-BF4B-00C04F79EFBC}") = "DBMaker", "DBMaker\DBMaker.csproj", "{E8FE0AEE-22B6-46EC-9C71-C673F6FAC160}"
EndProject
Project("{FAE04EC0-301F-11D3-BF4B-00C04F79EFBC}") = "FolderPickUp", "FolderPickUp\FolderPickUp.csproj", "{28AEEE7E-86E7-49B2-9F57-1595E7302878}"
EndProject
Global
	GlobalSection(SolutionConfigurationPlatforms) = preSolution
		Debug|Any CPU = Debug|Any CPU
		Debug|Mixed Platforms = Debug|Mixed Platforms
		Debug|x86 = Debug|x86
		Release|Any CPU = Release|Any CPU
		Release|Mixed Platforms = Release|Mixed Platforms
		Release|x86 = Release|x86
	EndGlobalSection
	GlobalSection(ProjectConfigurationPlatforms) = postSolution
		{E8FE0AEE-22B6-46EC-9C71-C673F6FAC160}.Debug|Any CPU.ActiveCfg = Debug|Any CPU
		{E8FE0AEE-22B6-46EC-9C71-C673F6FAC160}.Debug|Any CPU.Build.0 = Debug|Any CPU
		{E8FE0AEE-22B6-46EC-9C71-C673F6FAC160}.Debug|Mixed Platforms.ActiveCfg = Debug|Any CPU
		{E8FE0AEE-22B6-46EC-9C71-C673F6FAC160}.Debug|Mixed Platforms.Build.0 = Debug|Any CPU
		{E8FE0AEE-22B6-46EC-9C71-C673F6FAC160}.Debug|x86.ActiveCfg = Debug|Any CPU
		{E8FE0AEE-22B6-46EC-9C71-C673F6FAC160}.Release|Any CPU.ActiveCfg = Release|Any CPU
		{E8FE0AEE-22B6-46EC-9C71-C673F6FAC160}.Release|Any CPU.Build.0 = Release|Any CPU
		{E8FE0AEE-22B6-46EC-9C71-C673F6FAC160}.Release|Mixed Platforms.ActiveCfg = Release|Any CPU
		{E8FE0AEE-22B6-46EC-9C71-C673F6FAC160}.Release|Mixed Platforms.Build.0 = Release|Any CPU
		{E8FE0AEE-22B6-46EC-9C71-C673F6FAC160}.Release|x86.ActiveCfg = Release|Any CPU
		{28AEEE7E-86E7-49B2-9F57-1595E7302878}.Debug|Any CPU.ActiveCfg = Debug|x86
		{28AEEE7E-86E7-49B2-9F57-1595E7302878}.Debug|Mixed Platforms.ActiveCfg = Debug|x86
		{28AEEE7E-86E7-49B2-9F57-1595E7302878}.Debug|Mixed Platforms.Build.0 = Debug|x86
		{28AEEE7E-86E7-49B2-9F57-1595E7302878}.Debug|x86.ActiveCfg = Debug|x86
		{28AEEE7E-86E7-49B2-9F57-1595E7302878}.Debug|x86.Build.0 = Debug|x86
		{28AEEE7E-86E7-49B2-9F57-1595E7302878}.Release|Any CPU.ActiveCfg = Release|x86
		{28AEEE7E-86E7-49B2-9F57-1595E7302878}.Release|Mixed Platforms.ActiveCfg = Release|x86
		{28AEEE7E-86E7-49B2-9F57-1595E7302878}.Release|Mixed Platforms.Build.0 = Release|x86
		{28AEEE7E-86E7-49B2-9F57-1595E7302878}.Release|x86.ActiveCfg = Release|x86
		{28AEEE7E-86E7-49B2-9F57-1595E7302878}.Release|x86.Build.0 = Release|x86
	EndGlobalSection
	GlobalSection(SolutionProperties) = preSolution
		HideSolutionNode = FALSE
	EndGlobalSection
EndGlobal
